// !$*UTF8*$!
{
	archiveVersion = 1;
	classes = {
	};
	objectVersion = 46;
	objects = {

/* Begin PBXBuildFile section */
		42996AF57D92B9A3A928ADB3 /* Pods_QuickDownloaderTests.framework in Frameworks */ = {isa = PBXBuildFile; fileRef = 01DF67C1842F2F4A6FCFF513 /* Pods_QuickDownloaderTests.framework */; };
		647F052AE8F674420CFF6FC5 /* Pods_QuickDownloaderUITests.framework in Frameworks */ = {isa = PBXBuildFile; fileRef = 63F27BA46A74A0DCDC405481 /* Pods_QuickDownloaderUITests.framework */; };
		D7E89C898825C1016E7F4D0F /* Pods_QuickDownloader.framework in Frameworks */ = {isa = PBXBuildFile; fileRef = 4A33B183DA522C06987F1068 /* Pods_QuickDownloader.framework */; };
		FE25A0C31D41993B002416CC /* ImageListItemModel.swift in Sources */ = {isa = PBXBuildFile; fileRef = FE25A0C21D41993B002416CC /* ImageListItemModel.swift */; };
		FE25A0C51D419AE0002416CC /* ImageListItem.swift in Sources */ = {isa = PBXBuildFile; fileRef = FE25A0C41D419AE0002416CC /* ImageListItem.swift */; };
		FE25A0C91D41ABA3002416CC /* ImageListCell.swift in Sources */ = {isa = PBXBuildFile; fileRef = FE25A0C81D41ABA3002416CC /* ImageListCell.swift */; };
		FE49329E1D4195C200849746 /* AppDelegate.swift in Sources */ = {isa = PBXBuildFile; fileRef = FE49329D1D4195C200849746 /* AppDelegate.swift */; };
		FE4932A01D4195C200849746 /* ImageTableViewController.swift in Sources */ = {isa = PBXBuildFile; fileRef = FE49329F1D4195C200849746 /* ImageTableViewController.swift */; };
		FE4932A21D4195C200849746 /* DownloadViewController.swift in Sources */ = {isa = PBXBuildFile; fileRef = FE4932A11D4195C200849746 /* DownloadViewController.swift */; };
		FE4932A51D4195C200849746 /* Main.storyboard in Resources */ = {isa = PBXBuildFile; fileRef = FE4932A31D4195C200849746 /* Main.storyboard */; };
		FE4932A71D4195C200849746 /* Assets.xcassets in Resources */ = {isa = PBXBuildFile; fileRef = FE4932A61D4195C200849746 /* Assets.xcassets */; };
		FE4932AA1D4195C200849746 /* LaunchScreen.storyboard in Resources */ = {isa = PBXBuildFile; fileRef = FE4932A81D4195C200849746 /* LaunchScreen.storyboard */; };
		FE4932B51D4195C300849746 /* QuickDownloaderTests.swift in Sources */ = {isa = PBXBuildFile; fileRef = FE4932B41D4195C300849746 /* QuickDownloaderTests.swift */; };
		FE4932C01D4195C300849746 /* QuickDownloaderUITests.swift in Sources */ = {isa = PBXBuildFile; fileRef = FE4932BF1D4195C300849746 /* QuickDownloaderUITests.swift */; };
		FED1016E1D44333F00796A9F /* RootViewController.swift in Sources */ = {isa = PBXBuildFile; fileRef = FED1016D1D44333F00796A9F /* RootViewController.swift */; };
		FED101701D44384100796A9F /* ImageDetailViewController.swift in Sources */ = {isa = PBXBuildFile; fileRef = FED1016F1D44384100796A9F /* ImageDetailViewController.swift */; };
		FED101721D4442CE00796A9F /* ImageDAO.swift in Sources */ = {isa = PBXBuildFile; fileRef = FED101711D4442CE00796A9F /* ImageDAO.swift */; };
		FED101751D44554500796A9F /* UIImageView+ActivityIndicator.swift in Sources */ = {isa = PBXBuildFile; fileRef = FED101741D44554500796A9F /* UIImageView+ActivityIndicator.swift */; };
		FEEF411D1D44F7EB0014E1A2 /* DownloadListDAO.swift in Sources */ = {isa = PBXBuildFile; fileRef = FEEF411C1D44F7EB0014E1A2 /* DownloadListDAO.swift */; };
		FEEF411F1D44F80B0014E1A2 /* ImageDownloadList.swift in Sources */ = {isa = PBXBuildFile; fileRef = FEEF411E1D44F80B0014E1A2 /* ImageDownloadList.swift */; };
/* End PBXBuildFile section */

/* Begin PBXContainerItemProxy section */
		FE4932B11D4195C300849746 /* PBXContainerItemProxy */ = {
			isa = PBXContainerItemProxy;
			containerPortal = FE4932921D4195C200849746 /* Project object */;
			proxyType = 1;
			remoteGlobalIDString = FE4932991D4195C200849746;
			remoteInfo = QuickDownloader;
		};
		FE4932BC1D4195C300849746 /* PBXContainerItemProxy */ = {
			isa = PBXContainerItemProxy;
			containerPortal = FE4932921D4195C200849746 /* Project object */;
			proxyType = 1;
			remoteGlobalIDString = FE4932991D4195C200849746;
			remoteInfo = QuickDownloader;
		};
/* End PBXContainerItemProxy section */

/* Begin PBXFileReference section */
		01DF67C1842F2F4A6FCFF513 /* Pods_QuickDownloaderTests.framework */ = {isa = PBXFileReference; explicitFileType = wrapper.framework; includeInIndex = 0; path = Pods_QuickDownloaderTests.framework; sourceTree = BUILT_PRODUCTS_DIR; };
		123A05FB08808EFD38CAEC94 /* Pods-QuickDownloaderTests.debug.xcconfig */ = {isa = PBXFileReference; includeInIndex = 1; lastKnownFileType = text.xcconfig; name = "Pods-QuickDownloaderTests.debug.xcconfig"; path = "Pods/Target Support Files/Pods-QuickDownloaderTests/Pods-QuickDownloaderTests.debug.xcconfig"; sourceTree = "<group>"; };
		4A33B183DA522C06987F1068 /* Pods_QuickDownloader.framework */ = {isa = PBXFileReference; explicitFileType = wrapper.framework; includeInIndex = 0; path = Pods_QuickDownloader.framework; sourceTree = BUILT_PRODUCTS_DIR; };
		63F27BA46A74A0DCDC405481 /* Pods_QuickDownloaderUITests.framework */ = {isa = PBXFileReference; explicitFileType = wrapper.framework; includeInIndex = 0; path = Pods_QuickDownloaderUITests.framework; sourceTree = BUILT_PRODUCTS_DIR; };
		905A8B4FC9BE06BF8AB7B572 /* Pods-QuickDownloader.release.xcconfig */ = {isa = PBXFileReference; includeInIndex = 1; lastKnownFileType = text.xcconfig; name = "Pods-QuickDownloader.release.xcconfig"; path = "Pods/Target Support Files/Pods-QuickDownloader/Pods-QuickDownloader.release.xcconfig"; sourceTree = "<group>"; };
		C58DB29FAF696FA741A01E35 /* Pods-QuickDownloaderUITests.release.xcconfig */ = {isa = PBXFileReference; includeInIndex = 1; lastKnownFileType = text.xcconfig; name = "Pods-QuickDownloaderUITests.release.xcconfig"; path = "Pods/Target Support Files/Pods-QuickDownloaderUITests/Pods-QuickDownloaderUITests.release.xcconfig"; sourceTree = "<group>"; };
		D79DC92879F9E5C7401DA537 /* Pods-QuickDownloader.debug.xcconfig */ = {isa = PBXFileReference; includeInIndex = 1; lastKnownFileType = text.xcconfig; name = "Pods-QuickDownloader.debug.xcconfig"; path = "Pods/Target Support Files/Pods-QuickDownloader/Pods-QuickDownloader.debug.xcconfig"; sourceTree = "<group>"; };
		ECD867B6913892A163954ACF /* Pods-QuickDownloaderTests.release.xcconfig */ = {isa = PBXFileReference; includeInIndex = 1; lastKnownFileType = text.xcconfig; name = "Pods-QuickDownloaderTests.release.xcconfig"; path = "Pods/Target Support Files/Pods-QuickDownloaderTests/Pods-QuickDownloaderTests.release.xcconfig"; sourceTree = "<group>"; };
		F883BC2B4895EDBEEF9F38B6 /* Pods-QuickDownloaderUITests.debug.xcconfig */ = {isa = PBXFileReference; includeInIndex = 1; lastKnownFileType = text.xcconfig; name = "Pods-QuickDownloaderUITests.debug.xcconfig"; path = "Pods/Target Support Files/Pods-QuickDownloaderUITests/Pods-QuickDownloaderUITests.debug.xcconfig"; sourceTree = "<group>"; };
		FE25A0C21D41993B002416CC /* ImageListItemModel.swift */ = {isa = PBXFileReference; fileEncoding = 4; lastKnownFileType = sourcecode.swift; path = ImageListItemModel.swift; sourceTree = "<group>"; };
		FE25A0C41D419AE0002416CC /* ImageListItem.swift */ = {isa = PBXFileReference; fileEncoding = 4; lastKnownFileType = sourcecode.swift; path = ImageListItem.swift; sourceTree = "<group>"; };
		FE25A0C81D41ABA3002416CC /* ImageListCell.swift */ = {isa = PBXFileReference; fileEncoding = 4; lastKnownFileType = sourcecode.swift; path = ImageListCell.swift; sourceTree = "<group>"; };
		FE49329A1D4195C200849746 /* QuickDownloader.app */ = {isa = PBXFileReference; explicitFileType = wrapper.application; includeInIndex = 0; path = QuickDownloader.app; sourceTree = BUILT_PRODUCTS_DIR; };
		FE49329D1D4195C200849746 /* AppDelegate.swift */ = {isa = PBXFileReference; lastKnownFileType = sourcecode.swift; path = AppDelegate.swift; sourceTree = "<group>"; };
		FE49329F1D4195C200849746 /* ImageTableViewController.swift */ = {isa = PBXFileReference; lastKnownFileType = sourcecode.swift; path = ImageTableViewController.swift; sourceTree = "<group>"; };
		FE4932A11D4195C200849746 /* DownloadViewController.swift */ = {isa = PBXFileReference; lastKnownFileType = sourcecode.swift; path = DownloadViewController.swift; sourceTree = "<group>"; };
		FE4932A41D4195C200849746 /* Base */ = {isa = PBXFileReference; lastKnownFileType = file.storyboard; name = Base; path = Base.lproj/Main.storyboard; sourceTree = "<group>"; };
		FE4932A61D4195C200849746 /* Assets.xcassets */ = {isa = PBXFileReference; lastKnownFileType = folder.assetcatalog; path = Assets.xcassets; sourceTree = "<group>"; };
		FE4932A91D4195C200849746 /* Base */ = {isa = PBXFileReference; lastKnownFileType = file.storyboard; name = Base; path = Base.lproj/LaunchScreen.storyboard; sourceTree = "<group>"; };
		FE4932AB1D4195C200849746 /* Info.plist */ = {isa = PBXFileReference; lastKnownFileType = text.plist.xml; path = Info.plist; sourceTree = "<group>"; };
		FE4932B01D4195C300849746 /* QuickDownloaderTests.xctest */ = {isa = PBXFileReference; explicitFileType = wrapper.cfbundle; includeInIndex = 0; path = QuickDownloaderTests.xctest; sourceTree = BUILT_PRODUCTS_DIR; };
		FE4932B41D4195C300849746 /* QuickDownloaderTests.swift */ = {isa = PBXFileReference; lastKnownFileType = sourcecode.swift; path = QuickDownloaderTests.swift; sourceTree = "<group>"; };
		FE4932B61D4195C300849746 /* Info.plist */ = {isa = PBXFileReference; lastKnownFileType = text.plist.xml; path = Info.plist; sourceTree = "<group>"; };
		FE4932BB1D4195C300849746 /* QuickDownloaderUITests.xctest */ = {isa = PBXFileReference; explicitFileType = wrapper.cfbundle; includeInIndex = 0; path = QuickDownloaderUITests.xctest; sourceTree = BUILT_PRODUCTS_DIR; };
		FE4932BF1D4195C300849746 /* QuickDownloaderUITests.swift */ = {isa = PBXFileReference; lastKnownFileType = sourcecode.swift; path = QuickDownloaderUITests.swift; sourceTree = "<group>"; };
		FE4932C11D4195C300849746 /* Info.plist */ = {isa = PBXFileReference; lastKnownFileType = text.plist.xml; path = Info.plist; sourceTree = "<group>"; };
		FED1016D1D44333F00796A9F /* RootViewController.swift */ = {isa = PBXFileReference; fileEncoding = 4; lastKnownFileType = sourcecode.swift; path = RootViewController.swift; sourceTree = "<group>"; };
		FED1016F1D44384100796A9F /* ImageDetailViewController.swift */ = {isa = PBXFileReference; fileEncoding = 4; lastKnownFileType = sourcecode.swift; path = ImageDetailViewController.swift; sourceTree = "<group>"; };
		FED101711D4442CE00796A9F /* ImageDAO.swift */ = {isa = PBXFileReference; fileEncoding = 4; lastKnownFileType = sourcecode.swift; path = ImageDAO.swift; sourceTree = "<group>"; };
		FED101741D44554500796A9F /* UIImageView+ActivityIndicator.swift */ = {isa = PBXFileReference; fileEncoding = 4; lastKnownFileType = sourcecode.swift; path = "UIImageView+ActivityIndicator.swift"; sourceTree = "<group>"; };
		FEEF411C1D44F7EB0014E1A2 /* DownloadListDAO.swift */ = {isa = PBXFileReference; fileEncoding = 4; lastKnownFileType = sourcecode.swift; path = DownloadListDAO.swift; sourceTree = "<group>"; };
		FEEF411E1D44F80B0014E1A2 /* ImageDownloadList.swift */ = {isa = PBXFileReference; fileEncoding = 4; lastKnownFileType = sourcecode.swift; path = ImageDownloadList.swift; sourceTree = "<group>"; };
/* End PBXFileReference section */

/* Begin PBXFrameworksBuildPhase section */
		FE4932971D4195C200849746 /* Frameworks */ = {
			isa = PBXFrameworksBuildPhase;
			buildActionMask = 2147483647;
			files = (
				D7E89C898825C1016E7F4D0F /* Pods_QuickDownloader.framework in Frameworks */,
			);
			runOnlyForDeploymentPostprocessing = 0;
		};
		FE4932AD1D4195C300849746 /* Frameworks */ = {
			isa = PBXFrameworksBuildPhase;
			buildActionMask = 2147483647;
			files = (
				42996AF57D92B9A3A928ADB3 /* Pods_QuickDownloaderTests.framework in Frameworks */,
			);
			runOnlyForDeploymentPostprocessing = 0;
		};
		FE4932B81D4195C300849746 /* Frameworks */ = {
			isa = PBXFrameworksBuildPhase;
			buildActionMask = 2147483647;
			files = (
				647F052AE8F674420CFF6FC5 /* Pods_QuickDownloaderUITests.framework in Frameworks */,
			);
			runOnlyForDeploymentPostprocessing = 0;
		};
/* End PBXFrameworksBuildPhase section */

/* Begin PBXGroup section */
		60A342B474D89A176102790A /* Frameworks */ = {
			isa = PBXGroup;
			children = (
				4A33B183DA522C06987F1068 /* Pods_QuickDownloader.framework */,
				01DF67C1842F2F4A6FCFF513 /* Pods_QuickDownloaderTests.framework */,
				63F27BA46A74A0DCDC405481 /* Pods_QuickDownloaderUITests.framework */,
			);
			name = Frameworks;
			sourceTree = "<group>";
		};
		9AEDBC2D03F6FB494703BC98 /* Pods */ = {
			isa = PBXGroup;
			children = (
				D79DC92879F9E5C7401DA537 /* Pods-QuickDownloader.debug.xcconfig */,
				905A8B4FC9BE06BF8AB7B572 /* Pods-QuickDownloader.release.xcconfig */,
				123A05FB08808EFD38CAEC94 /* Pods-QuickDownloaderTests.debug.xcconfig */,
				ECD867B6913892A163954ACF /* Pods-QuickDownloaderTests.release.xcconfig */,
				F883BC2B4895EDBEEF9F38B6 /* Pods-QuickDownloaderUITests.debug.xcconfig */,
				C58DB29FAF696FA741A01E35 /* Pods-QuickDownloaderUITests.release.xcconfig */,
			);
			name = Pods;
			sourceTree = "<group>";
		};
		FE25A0C01D4198A1002416CC /* Controllers */ = {
			isa = PBXGroup;
			children = (
				FE49329F1D4195C200849746 /* ImageTableViewController.swift */,
				FED1016F1D44384100796A9F /* ImageDetailViewController.swift */,
				FE4932A11D4195C200849746 /* DownloadViewController.swift */,
				FED1016D1D44333F00796A9F /* RootViewController.swift */,
			);
			name = Controllers;
			sourceTree = "<group>";
		};
		FE25A0C11D4198F6002416CC /* Models */ = {
			isa = PBXGroup;
			children = (
				FE25A0C21D41993B002416CC /* ImageListItemModel.swift */,
				FE25A0C41D419AE0002416CC /* ImageListItem.swift */,
				FED101711D4442CE00796A9F /* ImageDAO.swift */,
				FEEF411C1D44F7EB0014E1A2 /* DownloadListDAO.swift */,
				FEEF411E1D44F80B0014E1A2 /* ImageDownloadList.swift */,
			);
			name = Models;
			sourceTree = "<group>";
		};
		FE25A0C61D419CC9002416CC /* Network */ = {
			isa = PBXGroup;
			children = (
			);
			name = Network;
			sourceTree = "<group>";
		};
		FE25A0C71D41AB7D002416CC /* Views */ = {
			isa = PBXGroup;
			children = (
				FE25A0C81D41ABA3002416CC /* ImageListCell.swift */,
			);
			name = Views;
			sourceTree = "<group>";
		};
		FE4932911D4195C200849746 = {
			isa = PBXGroup;
			children = (
				FE49329C1D4195C200849746 /* QuickDownloader */,
				FE4932B31D4195C300849746 /* QuickDownloaderTests */,
				FE4932BE1D4195C300849746 /* QuickDownloaderUITests */,
				FE49329B1D4195C200849746 /* Products */,
				9AEDBC2D03F6FB494703BC98 /* Pods */,
				60A342B474D89A176102790A /* Frameworks */,
			);
			sourceTree = "<group>";
		};
		FE49329B1D4195C200849746 /* Products */ = {
			isa = PBXGroup;
			children = (
				FE49329A1D4195C200849746 /* QuickDownloader.app */,
				FE4932B01D4195C300849746 /* QuickDownloaderTests.xctest */,
				FE4932BB1D4195C300849746 /* QuickDownloaderUITests.xctest */,
			);
			name = Products;
			sourceTree = "<group>";
		};
		FE49329C1D4195C200849746 /* QuickDownloader */ = {
			isa = PBXGroup;
			children = (
				FED101731D4454F700796A9F /* extension */,
				FE25A0C71D41AB7D002416CC /* Views */,
				FE25A0C61D419CC9002416CC /* Network */,
				FE25A0C11D4198F6002416CC /* Models */,
				FE25A0C01D4198A1002416CC /* Controllers */,
				FE49329D1D4195C200849746 /* AppDelegate.swift */,
				FE4932A31D4195C200849746 /* Main.storyboard */,
				FE4932A61D4195C200849746 /* Assets.xcassets */,
				FE4932A81D4195C200849746 /* LaunchScreen.storyboard */,
				FE4932AB1D4195C200849746 /* Info.plist */,
			);
			path = QuickDownloader;
			sourceTree = "<group>";
		};
		FE4932B31D4195C300849746 /* QuickDownloaderTests */ = {
			isa = PBXGroup;
			children = (
				FE4932B41D4195C300849746 /* QuickDownloaderTests.swift */,
				FE4932B61D4195C300849746 /* Info.plist */,
			);
			path = QuickDownloaderTests;
			sourceTree = "<group>";
		};
		FE4932BE1D4195C300849746 /* QuickDownloaderUITests */ = {
			isa = PBXGroup;
			children = (
				FE4932BF1D4195C300849746 /* QuickDownloaderUITests.swift */,
				FE4932C11D4195C300849746 /* Info.plist */,
			);
			path = QuickDownloaderUITests;
			sourceTree = "<group>";
		};
		FED101731D4454F700796A9F /* extension */ = {
			isa = PBXGroup;
			children = (
				FED101741D44554500796A9F /* UIImageView+ActivityIndicator.swift */,
			);
			name = extension;
			sourceTree = "<group>";
		};
/* End PBXGroup section */

/* Begin PBXNativeTarget section */
		FE4932991D4195C200849746 /* QuickDownloader */ = {
			isa = PBXNativeTarget;
			buildConfigurationList = FE4932C41D4195C300849746 /* Build configuration list for PBXNativeTarget "QuickDownloader" */;
			buildPhases = (
				FCDD5DE9E2194F696B28C310 /* [CP] Check Pods Manifest.lock */,
				FE4932961D4195C200849746 /* Sources */,
				FE4932971D4195C200849746 /* Frameworks */,
				FE4932981D4195C200849746 /* Resources */,
				67B31F2EBBD49FFD86A4B423 /* [CP] Embed Pods Frameworks */,
				B8F7BA0FF7170AAC5571666C /* [CP] Copy Pods Resources */,
			);
			buildRules = (
			);
			dependencies = (
			);
			name = QuickDownloader;
			productName = QuickDownloader;
			productReference = FE49329A1D4195C200849746 /* QuickDownloader.app */;
			productType = "com.apple.product-type.application";
		};
		FE4932AF1D4195C300849746 /* QuickDownloaderTests */ = {
			isa = PBXNativeTarget;
			buildConfigurationList = FE4932C71D4195C300849746 /* Build configuration list for PBXNativeTarget "QuickDownloaderTests" */;
			buildPhases = (
				15394D5AA6BF72F7DD6E5DF4 /* [CP] Check Pods Manifest.lock */,
				FE4932AC1D4195C300849746 /* Sources */,
				FE4932AD1D4195C300849746 /* Frameworks */,
				FE4932AE1D4195C300849746 /* Resources */,
				749168A484CA0977AE3A239C /* [CP] Embed Pods Frameworks */,
				57AC7641A32081FC0BBF2D70 /* [CP] Copy Pods Resources */,
			);
			buildRules = (
			);
			dependencies = (
				FE4932B21D4195C300849746 /* PBXTargetDependency */,
			);
			name = QuickDownloaderTests;
			productName = QuickDownloaderTests;
			productReference = FE4932B01D4195C300849746 /* QuickDownloaderTests.xctest */;
			productType = "com.apple.product-type.bundle.unit-test";
		};
		FE4932BA1D4195C300849746 /* QuickDownloaderUITests */ = {
			isa = PBXNativeTarget;
			buildConfigurationList = FE4932CA1D4195C300849746 /* Build configuration list for PBXNativeTarget "QuickDownloaderUITests" */;
			buildPhases = (
				9AA87F949488F1D526143A0C /* [CP] Check Pods Manifest.lock */,
				FE4932B71D4195C300849746 /* Sources */,
				FE4932B81D4195C300849746 /* Frameworks */,
				FE4932B91D4195C300849746 /* Resources */,
				5528F9627FA1D95D4D7E7ED4 /* [CP] Copy Pods Resources */,
			);
			buildRules = (
			);
			dependencies = (
				FE4932BD1D4195C300849746 /* PBXTargetDependency */,
			);
			name = QuickDownloaderUITests;
			productName = QuickDownloaderUITests;
			productReference = FE4932BB1D4195C300849746 /* QuickDownloaderUITests.xctest */;
			productType = "com.apple.product-type.bundle.ui-testing";
		};
/* End PBXNativeTarget section */

/* Begin PBXProject section */
		FE4932921D4195C200849746 /* Project object */ = {
			isa = PBXProject;
			attributes = {
				LastSwiftUpdateCheck = 0730;
				LastUpgradeCheck = 0730;
				ORGANIZATIONNAME = "Zaiyang Li";
				TargetAttributes = {
					FE4932991D4195C200849746 = {
						CreatedOnToolsVersion = 7.3.1;
						DevelopmentTeam = 9J2YT46347;
					};
					FE4932AF1D4195C300849746 = {
						CreatedOnToolsVersion = 7.3.1;
						TestTargetID = FE4932991D4195C200849746;
					};
					FE4932BA1D4195C300849746 = {
						CreatedOnToolsVersion = 7.3.1;
						TestTargetID = FE4932991D4195C200849746;
					};
				};
			};
			buildConfigurationList = FE4932951D4195C200849746 /* Build configuration list for PBXProject "QuickDownloader" */;
			compatibilityVersion = "Xcode 3.2";
			developmentRegion = English;
			hasScannedForEncodings = 0;
			knownRegions = (
				en,
				Base,
			);
			mainGroup = FE4932911D4195C200849746;
			productRefGroup = FE49329B1D4195C200849746 /* Products */;
			projectDirPath = "";
			projectRoot = "";
			targets = (
				FE4932991D4195C200849746 /* QuickDownloader */,
				FE4932AF1D4195C300849746 /* QuickDownloaderTests */,
				FE4932BA1D4195C300849746 /* QuickDownloaderUITests */,
			);
		};
/* End PBXProject section */

/* Begin PBXResourcesBuildPhase section */
		FE4932981D4195C200849746 /* Resources */ = {
			isa = PBXResourcesBuildPhase;
			buildActionMask = 2147483647;
			files = (
				FE4932AA1D4195C200849746 /* LaunchScreen.storyboard in Resources */,
				FE4932A71D4195C200849746 /* Assets.xcassets in Resources */,
				FE4932A51D4195C200849746 /* Main.storyboard in Resources */,
			);
			runOnlyForDeploymentPostprocessing = 0;
		};
		FE4932AE1D4195C300849746 /* Resources */ = {
			isa = PBXResourcesBuildPhase;
			buildActionMask = 2147483647;
			files = (
			);
			runOnlyForDeploymentPostprocessing = 0;
		};
		FE4932B91D4195C300849746 /* Resources */ = {
			isa = PBXResourcesBuildPhase;
			buildActionMask = 2147483647;
			files = (
			);
			runOnlyForDeploymentPostprocessing = 0;
		};
/* End PBXResourcesBuildPhase section */

/* Begin PBXShellScriptBuildPhase section */
		15394D5AA6BF72F7DD6E5DF4 /* [CP] Check Pods Manifest.lock */ = {
			isa = PBXShellScriptBuildPhase;
			buildActionMask = 2147483647;
			files = (
			);
			inputPaths = (
			);
			name = "[CP] Check Pods Manifest.lock";
			outputPaths = (
			);
			runOnlyForDeploymentPostprocessing = 0;
			shellPath = /bin/sh;
			shellScript = "diff \"${PODS_ROOT}/../Podfile.lock\" \"${PODS_ROOT}/Manifest.lock\" > /dev/null\nif [[ $? != 0 ]] ; then\n    cat << EOM\nerror: The sandbox is not in sync with the Podfile.lock. Run 'pod install' or update your CocoaPods installation.\nEOM\n    exit 1\nfi\n";
			showEnvVarsInLog = 0;
		};
		5528F9627FA1D95D4D7E7ED4 /* [CP] Copy Pods Resources */ = {
			isa = PBXShellScriptBuildPhase;
			buildActionMask = 2147483647;
			files = (
			);
			inputPaths = (
			);
			name = "[CP] Copy Pods Resources";
			outputPaths = (
			);
			runOnlyForDeploymentPostprocessing = 0;
			shellPath = /bin/sh;
			shellScript = "\"${SRCROOT}/Pods/Target Support Files/Pods-QuickDownloaderUITests/Pods-QuickDownloaderUITests-resources.sh\"\n";
			showEnvVarsInLog = 0;
		};
		57AC7641A32081FC0BBF2D70 /* [CP] Copy Pods Resources */ = {
			isa = PBXShellScriptBuildPhase;
			buildActionMask = 2147483647;
			files = (
			);
			inputPaths = (
			);
			name = "[CP] Copy Pods Resources";
			outputPaths = (
			);
			runOnlyForDeploymentPostprocessing = 0;
			shellPath = /bin/sh;
			shellScript = "\"${SRCROOT}/Pods/Target Support Files/Pods-QuickDownloaderTests/Pods-QuickDownloaderTests-resources.sh\"\n";
			showEnvVarsInLog = 0;
		};
		67B31F2EBBD49FFD86A4B423 /* [CP] Embed Pods Frameworks */ = {
			isa = PBXShellScriptBuildPhase;
			buildActionMask = 2147483647;
			files = (
			);
			inputPaths = (
			);
			name = "[CP] Embed Pods Frameworks";
			outputPaths = (
			);
			runOnlyForDeploymentPostprocessing = 0;
			shellPath = /bin/sh;
			shellScript = "\"${SRCROOT}/Pods/Target Support Files/Pods-QuickDownloader/Pods-QuickDownloader-frameworks.sh\"\n";
			showEnvVarsInLog = 0;
		};
		749168A484CA0977AE3A239C /* [CP] Embed Pods Frameworks */ = {
			isa = PBXShellScriptBuildPhase;
			buildActionMask = 2147483647;
			files = (
			);
			inputPaths = (
			);
			name = "[CP] Embed Pods Frameworks";
			outputPaths = (
			);
			runOnlyForDeploymentPostprocessing = 0;
			shellPath = /bin/sh;
			shellScript = "\"${SRCROOT}/Pods/Target Support Files/Pods-QuickDownloaderTests/Pods-QuickDownloaderTests-frameworks.sh\"\n";
			showEnvVarsInLog = 0;
		};
		9AA87F949488F1D526143A0C /* [CP] Check Pods Manifest.lock */ = {
			isa = PBXShellScriptBuildPhase;
			buildActionMask = 2147483647;
			files = (
			);
			inputPaths = (
			);
			name = "[CP] Check Pods Manifest.lock";
			outputPaths = (
			);
			runOnlyForDeploymentPostprocessing = 0;
			shellPath = /bin/sh;
			shellScript = "diff \"${PODS_ROOT}/../Podfile.lock\" \"${PODS_ROOT}/Manifest.lock\" > /dev/null\nif [[ $? != 0 ]] ; then\n    cat << EOM\nerror: The sandbox is not in sync with the Podfile.lock. Run 'pod install' or update your CocoaPods installation.\nEOM\n    exit 1\nfi\n";
			showEnvVarsInLog = 0;
		};
		B8F7BA0FF7170AAC5571666C /* [CP] Copy Pods Resources */ = {
			isa = PBXShellScriptBuildPhase;
			buildActionMask = 2147483647;
			files = (
			);
			inputPaths = (
			);
			name = "[CP] Copy Pods Resources";
			outputPaths = (
			);
			runOnlyForDeploymentPostprocessing = 0;
			shellPath = /bin/sh;
			shellScript = "\"${SRCROOT}/Pods/Target Support Files/Pods-QuickDownloader/Pods-QuickDownloader-resources.sh\"\n";
			showEnvVarsInLog = 0;
		};
		FCDD5DE9E2194F696B28C310 /* [CP] Check Pods Manifest.lock */ = {
			isa = PBXShellScriptBuildPhase;
			buildActionMask = 2147483647;
			files = (
			);
			inputPaths = (
			);
			name = "[CP] Check Pods Manifest.lock";
			outputPaths = (
			);
			runOnlyForDeploymentPostprocessing = 0;
			shellPath = /bin/sh;
			shellScript = "diff \"${PODS_ROOT}/../Podfile.lock\" \"${PODS_ROOT}/Manifest.lock\" > /dev/null\nif [[ $? != 0 ]] ; then\n    cat << EOM\nerror: The sandbox is not in sync with the Podfile.lock. Run 'pod install' or update your CocoaPods installation.\nEOM\n    exit 1\nfi\n";
			showEnvVarsInLog = 0;
		};
/* End PBXShellScriptBuildPhase section */

/* Begin PBXSourcesBuildPhase section */
		FE4932961D4195C200849746 /* Sources */ = {
			isa = PBXSourcesBuildPhase;
			buildActionMask = 2147483647;
			files = (
				FE4932A21D4195C200849746 /* DownloadViewController.swift in Sources */,
				FEEF411F1D44F80B0014E1A2 /* ImageDownloadList.swift in Sources */,
				FE25A0C91D41ABA3002416CC /* ImageListCell.swift in Sources */,
				FE49329E1D4195C200849746 /* AppDelegate.swift in Sources */,
				FED101721D4442CE00796A9F /* ImageDAO.swift in Sources */,
				FED1016E1D44333F00796A9F /* RootViewController.swift in Sources */,
				FED101751D44554500796A9F /* UIImageView+ActivityIndicator.swift in Sources */,
				FE25A0C51D419AE0002416CC /* ImageListItem.swift in Sources */,
				FEEF411D1D44F7EB0014E1A2 /* DownloadListDAO.swift in Sources */,
				FE25A0C31D41993B002416CC /* ImageListItemModel.swift in Sources */,
				FE4932A01D4195C200849746 /* ImageTableViewController.swift in Sources */,
				FED101701D44384100796A9F /* ImageDetailViewController.swift in Sources */,
			);
			runOnlyForDeploymentPostprocessing = 0;
		};
		FE4932AC1D4195C300849746 /* Sources */ = {
			isa = PBXSourcesBuildPhase;
			buildActionMask = 2147483647;
			files = (
				FE4932B51D4195C300849746 /* QuickDownloaderTests.swift in Sources */,
			);
			runOnlyForDeploymentPostprocessing = 0;
		};
		FE4932B71D4195C300849746 /* Sources */ = {
			isa = PBXSourcesBuildPhase;
			buildActionMask = 2147483647;
			files = (
				FE4932C01D4195C300849746 /* QuickDownloaderUITests.swift in Sources */,
			);
			runOnlyForDeploymentPostprocessing = 0;
		};
/* End PBXSourcesBuildPhase section */

/* Begin PBXTargetDependency section */
		FE4932B21D4195C300849746 /* PBXTargetDependency */ = {
			isa = PBXTargetDependency;
			target = FE4932991D4195C200849746 /* QuickDownloader */;
			targetProxy = FE4932B11D4195C300849746 /* PBXContainerItemProxy */;
		};
		FE4932BD1D4195C300849746 /* PBXTargetDependency */ = {
			isa = PBXTargetDependency;
			target = FE4932991D4195C200849746 /* QuickDownloader */;
			targetProxy = FE4932BC1D4195C300849746 /* PBXContainerItemProxy */;
		};
/* End PBXTargetDependency section */

/* Begin PBXVariantGroup section */
		FE4932A31D4195C200849746 /* Main.storyboard */ = {
			isa = PBXVariantGroup;
			children = (
				FE4932A41D4195C200849746 /* Base */,
			);
			name = Main.storyboard;
			sourceTree = "<group>";
		};
		FE4932A81D4195C200849746 /* LaunchScreen.storyboard */ = {
			isa = PBXVariantGroup;
			children = (
				FE4932A91D4195C200849746 /* Base */,
			);
			name = LaunchScreen.storyboard;
			sourceTree = "<group>";
		};
/* End PBXVariantGroup section */

/* Begin XCBuildConfiguration section */
		FE4932C21D4195C300849746 /* Debug */ = {
			isa = XCBuildConfiguration;
			buildSettings = {
				ALWAYS_SEARCH_USER_PATHS = NO;
				CLANG_ANALYZER_NONNULL = YES;
				CLANG_CXX_LANGUAGE_STANDARD = "gnu++0x";
				CLANG_CXX_LIBRARY = "libc++";
				CLANG_ENABLE_MODULES = YES;
				CLANG_ENABLE_OBJC_ARC = YES;
				CLANG_WARN_BOOL_CONVERSION = YES;
				CLANG_WARN_CONSTANT_CONVERSION = YES;
				CLANG_WARN_DIRECT_OBJC_ISA_USAGE = YES_ERROR;
				CLANG_WARN_EMPTY_BODY = YES;
				CLANG_WARN_ENUM_CONVERSION = YES;
				CLANG_WARN_INT_CONVERSION = YES;
				CLANG_WARN_OBJC_ROOT_CLASS = YES_ERROR;
				CLANG_WARN_UNREACHABLE_CODE = YES;
				CLANG_WARN__DUPLICATE_METHOD_MATCH = YES;
				"CODE_SIGN_IDENTITY[sdk=iphoneos*]" = "iPhone Developer";
				COPY_PHASE_STRIP = NO;
				DEBUG_INFORMATION_FORMAT = dwarf;
				ENABLE_STRICT_OBJC_MSGSEND = YES;
				ENABLE_TESTABILITY = YES;
				GCC_C_LANGUAGE_STANDARD = gnu99;
				GCC_DYNAMIC_NO_PIC = NO;
				GCC_NO_COMMON_BLOCKS = YES;
				GCC_OPTIMIZATION_LEVEL = 0;
				GCC_PREPROCESSOR_DEFINITIONS = (
					"DEBUG=1",
					"$(inherited)",
				);
				GCC_WARN_64_TO_32_BIT_CONVERSION = YES;
				GCC_WARN_ABOUT_RETURN_TYPE = YES_ERROR;
				GCC_WARN_UNDECLARED_SELECTOR = YES;
				GCC_WARN_UNINITIALIZED_AUTOS = YES_AGGRESSIVE;
				GCC_WARN_UNUSED_FUNCTION = YES;
				GCC_WARN_UNUSED_VARIABLE = YES;
				IPHONEOS_DEPLOYMENT_TARGET = 9.3;
				MTL_ENABLE_DEBUG_INFO = YES;
				ONLY_ACTIVE_ARCH = YES;
				SDKROOT = iphoneos;
				SWIFT_OPTIMIZATION_LEVEL = "-Onone";
				TARGETED_DEVICE_FAMILY = "1,2";
			};
			name = Debug;
		};
		FE4932C31D4195C300849746 /* Release */ = {
			isa = XCBuildConfiguration;
			buildSettings = {
				ALWAYS_SEARCH_USER_PATHS = NO;
				CLANG_ANALYZER_NONNULL = YES;
				CLANG_CXX_LANGUAGE_STANDARD = "gnu++0x";
				CLANG_CXX_LIBRARY = "libc++";
				CLANG_ENABLE_MODULES = YES;
				CLANG_ENABLE_OBJC_ARC = YES;
				CLANG_WARN_BOOL_CONVERSION = YES;
				CLANG_WARN_CONSTANT_CONVERSION = YES;
				CLANG_WARN_DIRECT_OBJC_ISA_USAGE = YES_ERROR;
				CLANG_WARN_EMPTY_BODY = YES;
				CLANG_WARN_ENUM_CONVERSION = YES;
				CLANG_WARN_INT_CONVERSION = YES;
				CLANG_WARN_OBJC_ROOT_CLASS = YES_ERROR;
				CLANG_WARN_UNREACHABLE_CODE = YES;
				CLANG_WARN__DUPLICATE_METHOD_MATCH = YES;
				"CODE_SIGN_IDENTITY[sdk=iphoneos*]" = "iPhone Developer";
				COPY_PHASE_STRIP = NO;
				DEBUG_INFORMATION_FORMAT = "dwarf-with-dsym";
				ENABLE_NS_ASSERTIONS = NO;
				ENABLE_STRICT_OBJC_MSGSEND = YES;
				GCC_C_LANGUAGE_STANDARD = gnu99;
				GCC_NO_COMMON_BLOCKS = YES;
				GCC_WARN_64_TO_32_BIT_CONVERSION = YES;
				GCC_WARN_ABOUT_RETURN_TYPE = YES_ERROR;
				GCC_WARN_UNDECLARED_SELECTOR = YES;
				GCC_WARN_UNINITIALIZED_AUTOS = YES_AGGRESSIVE;
				GCC_WARN_UNUSED_FUNCTION = YES;
				GCC_WARN_UNUSED_VARIABLE = YES;
				IPHONEOS_DEPLOYMENT_TARGET = 9.3;
				MTL_ENABLE_DEBUG_INFO = NO;
				SDKROOT = iphoneos;
				TARGETED_DEVICE_FAMILY = "1,2";
				VALIDATE_PRODUCT = YES;
			};
			name = Release;
		};
		FE4932C51D4195C300849746 /* Debug */ = {
			isa = XCBuildConfiguration;
			baseConfigurationReference = D79DC92879F9E5C7401DA537 /* Pods-QuickDownloader.debug.xcconfig */;
			buildSettings = {
				ASSETCATALOG_COMPILER_APPICON_NAME = AppIcon;
				CODE_SIGN_IDENTITY = "iPhone Developer";
				"CODE_SIGN_IDENTITY[sdk=iphoneos*]" = "iPhone Developer";
				INFOPLIST_FILE = QuickDownloader/Info.plist;
				LD_RUNPATH_SEARCH_PATHS = "$(inherited) @executable_path/Frameworks";
				PRODUCT_BUNDLE_IDENTIFIER = com.zaiyangli.QuickDownloader;
				PRODUCT_NAME = "$(TARGET_NAME)";
				PROVISIONING_PROFILE = "";
			};
			name = Debug;
		};
		FE4932C61D4195C300849746 /* Release */ = {
			isa = XCBuildConfiguration;
			baseConfigurationReference = 905A8B4FC9BE06BF8AB7B572 /* Pods-QuickDownloader.release.xcconfig */;
			buildSettings = {
				ASSETCATALOG_COMPILER_APPICON_NAME = AppIcon;
				CODE_SIGN_IDENTITY = "iPhone Developer";
				"CODE_SIGN_IDENTITY[sdk=iphoneos*]" = "iPhone Developer";
				INFOPLIST_FILE = QuickDownloader/Info.plist;
				LD_RUNPATH_SEARCH_PATHS = "$(inherited) @executable_path/Frameworks";
				PRODUCT_BUNDLE_IDENTIFIER = com.zaiyangli.QuickDownloader;
				PRODUCT_NAME = "$(TARGET_NAME)";
				PROVISIONING_PROFILE = "";
			};
			name = Release;
		};
		FE4932C81D4195C300849746 /* Debug */ = {
			isa = XCBuildConfiguration;
			baseConfigurationReference = 123A05FB08808EFD38CAEC94 /* Pods-QuickDownloaderTests.debug.xcconfig */;
			buildSettings = {
				BUNDLE_LOADER = "$(TEST_HOST)";
				INFOPLIST_FILE = QuickDownloaderTests/Info.plist;
				LD_RUNPATH_SEARCH_PATHS = "$(inherited) @executable_path/Frameworks @loader_path/Frameworks";
				PRODUCT_BUNDLE_IDENTIFIER = com.zaiyangli.QuickDownloaderTests;
				PRODUCT_NAME = "$(TARGET_NAME)";
				TEST_HOST = "$(BUILT_PRODUCTS_DIR)/QuickDownloader.app/QuickDownloader";
			};
			name = Debug;
		};
		FE4932C91D4195C300849746 /* Release */ = {
			isa = XCBuildConfiguration;
			baseConfigurationReference = ECD867B6913892A163954ACF /* Pods-QuickDownloaderTests.release.xcconfig */;
			buildSettings = {
				BUNDLE_LOADER = "$(TEST_HOST)";
				INFOPLIST_FILE = QuickDownloaderTests/Info.plist;
				LD_RUNPATH_SEARCH_PATHS = "$(inherited) @executable_path/Frameworks @loader_path/Frameworks";
				PRODUCT_BUNDLE_IDENTIFIER = com.zaiyangli.QuickDownloaderTests;
				PRODUCT_NAME = "$(TARGET_NAME)";
				TEST_HOST = "$(BUILT_PRODUCTS_DIR)/QuickDownloader.app/QuickDownloader";
			};
			name = Release;
		};
		FE4932CB1D4195C300849746 /* Debug */ = {
			isa = XCBuildConfiguration;
			baseConfigurationReference = F883BC2B4895EDBEEF9F38B6 /* Pods-QuickDownloaderUITests.debug.xcconfig */;
			buildSettings = {
				INFOPLIST_FILE = QuickDownloaderUITests/Info.plist;
				LD_RUNPATH_SEARCH_PATHS = "$(inherited) @executable_path/Frameworks @loader_path/Frameworks";
				PRODUCT_BUNDLE_IDENTIFIER = com.zaiyangli.QuickDownloaderUITests;
				PRODUCT_NAME = "$(TARGET_NAME)";
				TEST_TARGET_NAME = QuickDownloader;
			};
			name = Debug;
		};
		FE4932CC1D4195C300849746 /* Release */ = {
			isa = XCBuildConfiguration;
			baseConfigurationReference = C58DB29FAF696FA741A01E35 /* Pods-QuickDownloaderUITests.release.xcconfig */;
			buildSettings = {
				INFOPLIST_FILE = QuickDownloaderUITests/Info.plist;
				LD_RUNPATH_SEARCH_PATHS = "$(inherited) @executable_path/Frameworks @loader_path/Frameworks";
				PRODUCT_BUNDLE_IDENTIFIER = com.zaiyangli.QuickDownloaderUITests;
				PRODUCT_NAME = "$(TARGET_NAME)";
				TEST_TARGET_NAME = QuickDownloader;
			};
			name = Release;
		};
/* End XCBuildConfiguration section */

/* Begin XCConfigurationList section */
		FE4932951D4195C200849746 /* Build configuration list for PBXProject "QuickDownloader" */ = {
			isa = XCConfigurationList;
			buildConfigurations = (
				FE4932C21D4195C300849746 /* Debug */,
				FE4932C31D4195C300849746 /* Release */,
			);
			defaultConfigurationIsVisible = 0;
			defaultConfigurationName = Release;
		};
		FE4932C41D4195C300849746 /* Build configuration list for PBXNativeTarget "QuickDownloader" */ = {
			isa = XCConfigurationList;
			buildConfigurations = (
				FE4932C51D4195C300849746 /* Debug */,
				FE4932C61D4195C300849746 /* Release */,
			);
			defaultConfigurationIsVisible = 0;
			defaultConfigurationName = Release;
		};
		FE4932C71D4195C300849746 /* Build configuration list for PBXNativeTarget "QuickDownloaderTests" */ = {
			isa = XCConfigurationList;
			buildConfigurations = (
				FE4932C81D4195C300849746 /* Debug */,
				FE4932C91D4195C300849746 /* Release */,
			);
			defaultConfigurationIsVisible = 0;
			defaultConfigurationName = Release;
		};
		FE4932CA1D4195C300849746 /* Build configuration list for PBXNativeTarget "QuickDownloaderUITests" */ = {
			isa = XCConfigurationList;
			buildConfigurations = (
				FE4932CB1D4195C300849746 /* Debug */,
				FE4932CC1D4195C300849746 /* Release */,
			);
			defaultConfigurationIsVisible = 0;
			defaultConfigurationName = Release;
		};
/* End XCConfigurationList section */
	};
	rootObject = FE4932921D4195C200849746 /* Project object */;
}
