PODS:
  - Alamofire (3.4.1)
  - Mantle (2.0.7):
    - Mantle/extobjc (= 2.0.7)
  - Mantle/extobjc (2.0.7)
  - Nimble (4.1.0)
  - Quick (0.9.2)
  - Realm (1.0.2):
    - Realm/Headers (= 1.0.2)
  - Realm/Headers (1.0.2)
  - RealmSwift (1.0.2):
    - Realm (= 1.0.2)
  - RxSwift (2.6.0)
  - SDWebImage (3.8.1):
    - SDWebImage/Core (= 3.8.1)
  - SDWebImage/Core (3.8.1)
  - SnapKit (0.30.0.beta2)

DEPENDENCIES:
  - Alamofire (~> 3.4)
  - Mantle (~> 2.0)
  - Nimble (~> 4.1)
  - Quick (~> 0.9)
  - RealmSwift (~> 1.0)
  - RxSwift (~> 2.6)
  - SDWebImage (~> 3.8)
  - SnapKit (= 0.30.0.beta2)

SPEC CHECKSUMS:
  Alamofire: 01a82e2f6c0f860ade35534c8dd88be61bdef40c
  Mantle: bc40bb061d8c2c6fb48d5083e04d928c3b7f73d9
  Nimble: 97a0a4cae5124c117115634b2d055d8c97d0af19
  Quick: 18d057bc66451eedd5d1c8dc99ba2a5db6e60226
  Realm: 9d5c46a4d7d27958530a8dfc58f63a99e5c2cba3
  RealmSwift: 82f3ac5e24530143dddfde2033acc0d308f27d96
  RxSwift: 77f3a0b15324baa7a1c9bfa9f199648a82424e26
  SDWebImage: 35f9627a3e44b4f292a8a8ce6a531fa488239b91
  SnapKit: c4bb32b1d3c5d18ff63bf95ffcbc599d2bab964c

PODFILE CHECKSUM: 70c5f8e7fae67288e5414306080b8aceaa1aa882

COCOAPODS: 1.0.1
